
Microsoft Visual Studio Solution File, Format Version 12.00
# Visual Studio Version 17
VisualStudioVersion = 17.10.35027.167
MinimumVisualStudioVersion = 10.0.40219.1
Project("{FAE04EC0-301F-11D3-BF4B-00C04F79EFBC}") = "Lists2", "Lists2\Lists2.csproj", "{4F88E15A-8F94-4678-818A-8CE18FB32445}"
EndProject
Global
	GlobalSection(SolutionConfigurationPlatforms) = preSolution
		Debug|Any CPU = Debug|Any CPU
		Release|Any CPU = Release|Any CPU
	EndGlobalSection
	GlobalSection(ProjectConfigurationPlatforms) = postSolution
		{4F88E15A-8F94-4678-818A-8CE18FB32445}.Debug|Any CPU.ActiveCfg = Debug|Any CPU
		{4F88E15A-8F94-4678-818A-8CE18FB32445}.Debug|Any CPU.Build.0 = Debug|Any CPU
		{4F88E15A-8F94-4678-818A-8CE18FB32445}.Release|Any CPU.ActiveCfg = Release|Any CPU
		{4F88E15A-8F94-4678-818A-8CE18FB32445}.Release|Any CPU.Build.0 = Release|Any CPU
	EndGlobalSection
	GlobalSection(SolutionProperties) = preSolution
		HideSolutionNode = FALSE
	EndGlobalSection
	GlobalSection(ExtensibilityGlobals) = postSolution
		SolutionGuid = {A873881C-2910-40F8-AFC0-C64F4ECE6F93}
	EndGlobalSection
EndGlobal
